
Microsoft Visual Studio Solution File, Format Version 12.00
# Visual Studio Version 17
VisualStudioVersion = 17.10.35122.118
MinimumVisualStudioVersion = 10.0.40219.1
Project("{FAE04EC0-301F-11D3-BF4B-00C04F79EFBC}") = "ServerSide", "ServerSide\ServerSide.csproj", "{C49BE597-CB40-4461-979B-BB0B006967F8}"
EndProject
Project("{FAE04EC0-301F-11D3-BF4B-00C04F79EFBC}") = "MauiLoginSample", "MauiLoginSample\MauiLoginSample.csproj", "{BA24A9D4-F8CF-49C8-8355-AEA92EB0CC41}"
EndProject
Global
	GlobalSection(SolutionConfigurationPlatforms) = preSolution
		Debug|Any CPU = Debug|Any CPU
		Release|Any CPU = Release|Any CPU
	EndGlobalSection
	GlobalSection(ProjectConfigurationPlatforms) = postSolution
		{C49BE597-CB40-4461-979B-BB0B006967F8}.Debug|Any CPU.ActiveCfg = Debug|Any CPU
		{C49BE597-CB40-4461-979B-BB0B006967F8}.Debug|Any CPU.Build.0 = Debug|Any CPU
		{C49BE597-CB40-4461-979B-BB0B006967F8}.Release|Any CPU.ActiveCfg = Release|Any CPU
		{C49BE597-CB40-4461-979B-BB0B006967F8}.Release|Any CPU.Build.0 = Release|Any CPU
		{BA24A9D4-F8CF-49C8-8355-AEA92EB0CC41}.Debug|Any CPU.ActiveCfg = Debug|Any CPU
		{BA24A9D4-F8CF-49C8-8355-AEA92EB0CC41}.Debug|Any CPU.Build.0 = Debug|Any CPU
		{BA24A9D4-F8CF-49C8-8355-AEA92EB0CC41}.Debug|Any CPU.Deploy.0 = Debug|Any CPU
		{BA24A9D4-F8CF-49C8-8355-AEA92EB0CC41}.Release|Any CPU.ActiveCfg = Release|Any CPU
		{BA24A9D4-F8CF-49C8-8355-AEA92EB0CC41}.Release|Any CPU.Build.0 = Release|Any CPU
		{BA24A9D4-F8CF-49C8-8355-AEA92EB0CC41}.Release|Any CPU.Deploy.0 = Release|Any CPU
	EndGlobalSection
	GlobalSection(SolutionProperties) = preSolution
		HideSolutionNode = FALSE
	EndGlobalSection
	GlobalSection(ExtensibilityGlobals) = postSolution
		SolutionGuid = {7BDE8A3C-755E-498D-8ABC-92E6F1ADBE77}
	EndGlobalSection
EndGlobal
